
Microsoft Visual Studio Solution File, Format Version 12.00
# Visual Studio Version 17
VisualStudioVersion = 17.6.33723.286
MinimumVisualStudioVersion = 10.0.40219.1
Project("{FAE04EC0-301F-11D3-BF4B-00C04F79EFBC}") = "ByteBankOutrosFormatos", "ByteBankOutrosFormatos.csproj", "{74D326C9-05B9-47A9-902B-EE1FC17869D6}"
EndProject
Global
	GlobalSection(SolutionConfigurationPlatforms) = preSolution
		Debug|Any CPU = Debug|Any CPU
		Release|Any CPU = Release|Any CPU
	EndGlobalSection
	GlobalSection(ProjectConfigurationPlatforms) = postSolution
		{74D326C9-05B9-47A9-902B-EE1FC17869D6}.Debug|Any CPU.ActiveCfg = Debug|Any CPU
		{74D326C9-05B9-47A9-902B-EE1FC17869D6}.Debug|Any CPU.Build.0 = Debug|Any CPU
		{74D326C9-05B9-47A9-902B-EE1FC17869D6}.Release|Any CPU.ActiveCfg = Release|Any CPU
		{74D326C9-05B9-47A9-902B-EE1FC17869D6}.Release|Any CPU.Build.0 = Release|Any CPU
	EndGlobalSection
	GlobalSection(SolutionProperties) = preSolution
		HideSolutionNode = FALSE
	EndGlobalSection
	GlobalSection(ExtensibilityGlobals) = postSolution
		SolutionGuid = {068DCA1A-A1E1-4FA6-A0B2-01C0ECC3BD66}
	EndGlobalSection
EndGlobal
